{
  "#       strategy: merge\n#       file_type: ruby": [
    {
      "file": ".structuredmerge/kettle-jem.yml",
      "lines": [
        427,
        450
      ]
    }
  ],
  "#     commit-msg:\n#       strategy: merge": [
    {
      "file": ".structuredmerge/kettle-jem.yml",
      "lines": [
        426,
        449
      ]
    }
  ],
  "#     pboling.pem:\n#       strategy: raw_copy": [
    {
      "file": ".structuredmerge/kettle-jem.yml",
      "lines": [
        422,
        445
      ]
    }
  ],
  "#     preference: destination\n#     add_template_only_nodes: false": [
    {
      "file": ".structuredmerge/kettle-jem.yml",
      "lines": [
        432,
        455
      ]
    }
  ],
  "#     strategy: merge\n#     preference: destination": [
    {
      "file": ".structuredmerge/kettle-jem.yml",
      "lines": [
        431,
        454
      ]
    }
  ],
  "#   .git-hooks:\n#     commit-msg:": [
    {
      "file": ".structuredmerge/kettle-jem.yml",
      "lines": [
        425,
        448
      ]
    }
  ],
  "#   README.md:\n#     strategy: accept_template": [
    {
      "file": ".structuredmerge/kettle-jem.yml",
      "lines": [
        415,
        438
      ]
    }
  ],
  "#   Rakefile:\n#     strategy: merge": [
    {
      "file": ".structuredmerge/kettle-jem.yml",
      "lines": [
        430,
        453
      ]
    }
  ],
  "#   SECURITY.md:\n#     strategy: keep_destination": [
    {
      "file": ".structuredmerge/kettle-jem.yml",
      "lines": [
        418,
        441
      ]
    }
  ],
  "#   certs:\n#     pboling.pem:": [
    {
      "file": ".structuredmerge/kettle-jem.yml",
      "lines": [
        421,
        444
      ]
    }
  ],
  "# files:\n#   README.md:": [
    {
      "file": ".structuredmerge/kettle-jem.yml",
      "lines": [
        414,
        437
      ]
    }
  ],
  "appraisal: \"dep-heads\"\nexec_cmd: \"kettle-test\"": [
    {
      "file": ".github/workflows/dep-heads.yml",
      "lines": [
        44,
        51,
        58
      ]
    }
  ],
  "appraisal: \"head\"\nexec_cmd: \"kettle-test\"": [
    {
      "file": ".github/workflows/heads.yml",
      "lines": [
        43,
        50,
        57
      ]
    }
  ],
  "exec_cmd: \"kettle-test\"\nrubygems: default": [
    {
      "file": ".github/workflows/dep-heads.yml",
      "lines": [
        52,
        59
      ]
    },
    {
      "file": ".github/workflows/heads.yml",
      "lines": [
        44,
        51,
        58
      ]
    }
  ]
}
