{
  "#       strategy: merge\n#       file_type: ruby": [
    {
      "file": ".structuredmerge/kettle-jem.yml",
      "lines": [
        431,
        454
      ]
    }
  ],
  "#     commit-msg:\n#       strategy: merge": [
    {
      "file": ".structuredmerge/kettle-jem.yml",
      "lines": [
        430,
        453
      ]
    }
  ],
  "#     pboling.pem:\n#       strategy: raw_copy": [
    {
      "file": ".structuredmerge/kettle-jem.yml",
      "lines": [
        426,
        449
      ]
    }
  ],
  "#     preference: destination\n#     add_template_only_nodes: false": [
    {
      "file": ".structuredmerge/kettle-jem.yml",
      "lines": [
        436,
        459
      ]
    }
  ],
  "#     strategy: merge\n#     preference: destination": [
    {
      "file": ".structuredmerge/kettle-jem.yml",
      "lines": [
        435,
        458
      ]
    }
  ],
  "#   .git-hooks:\n#     commit-msg:": [
    {
      "file": ".structuredmerge/kettle-jem.yml",
      "lines": [
        429,
        452
      ]
    }
  ],
  "#   README.md:\n#     strategy: accept_template": [
    {
      "file": ".structuredmerge/kettle-jem.yml",
      "lines": [
        419,
        442
      ]
    }
  ],
  "#   Rakefile:\n#     strategy: merge": [
    {
      "file": ".structuredmerge/kettle-jem.yml",
      "lines": [
        434,
        457
      ]
    }
  ],
  "#   SECURITY.md:\n#     strategy: keep_destination": [
    {
      "file": ".structuredmerge/kettle-jem.yml",
      "lines": [
        422,
        445
      ]
    }
  ],
  "#   certs:\n#     pboling.pem:": [
    {
      "file": ".structuredmerge/kettle-jem.yml",
      "lines": [
        425,
        448
      ]
    }
  ],
  "# files:\n#   README.md:": [
    {
      "file": ".structuredmerge/kettle-jem.yml",
      "lines": [
        418,
        441
      ]
    }
  ],
  "appraisal: \"dep-heads\"\nexec_cmd: \"kettle-test\"": [
    {
      "file": ".github/workflows/dep-heads.yml",
      "lines": [
        43,
        104,
        158
      ]
    }
  ],
  "appraisal: \"head\"\nexec_cmd: \"kettle-test\"": [
    {
      "file": ".github/workflows/heads.yml",
      "lines": [
        43,
        104,
        162
      ]
    }
  ],
  "exec_cmd: \"kettle-test\"\nrubygems: default": [
    {
      "file": ".github/workflows/heads.yml",
      "lines": [
        44,
        105,
        163
      ]
    }
  ]
}
